
Microsoft Visual Studio Solution File, Format Version 12.00
# Visual Studio 15
VisualStudioVersion = 15.0.26430.16
MinimumVisualStudioVersion = 10.0.40219.1
Project("{FAE04EC0-301F-11D3-BF4B-00C04F79EFBC}") = "AppleMapPolygonTest", "AppleMapPolygonTest\AppleMapPolygonTest.csproj", "{71F5BA0D-CD6A-46AE-8DA2-F6FFE59D286B}"
EndProject
Global
	GlobalSection(SolutionConfigurationPlatforms) = preSolution
		Ad-Hoc|iPhone = Ad-Hoc|iPhone
		Ad-Hoc|iPhoneSimulator = Ad-Hoc|iPhoneSimulator
		AppStore|iPhone = AppStore|iPhone
		AppStore|iPhoneSimulator = AppStore|iPhoneSimulator
		Debug|iPhone = Debug|iPhone
		Debug|iPhoneSimulator = Debug|iPhoneSimulator
		Release|iPhone = Release|iPhone
		Release|iPhoneSimulator = Release|iPhoneSimulator
	EndGlobalSection
	GlobalSection(ProjectConfigurationPlatforms) = postSolution
		{71F5BA0D-CD6A-46AE-8DA2-F6FFE59D286B}.Ad-Hoc|iPhone.ActiveCfg = Ad-Hoc|iPhone
		{71F5BA0D-CD6A-46AE-8DA2-F6FFE59D286B}.Ad-Hoc|iPhone.Build.0 = Ad-Hoc|iPhone
		{71F5BA0D-CD6A-46AE-8DA2-F6FFE59D286B}.Ad-Hoc|iPhoneSimulator.ActiveCfg = Ad-Hoc|iPhoneSimulator
		{71F5BA0D-CD6A-46AE-8DA2-F6FFE59D286B}.Ad-Hoc|iPhoneSimulator.Build.0 = Ad-Hoc|iPhoneSimulator
		{71F5BA0D-CD6A-46AE-8DA2-F6FFE59D286B}.AppStore|iPhone.ActiveCfg = AppStore|iPhone
		{71F5BA0D-CD6A-46AE-8DA2-F6FFE59D286B}.AppStore|iPhone.Build.0 = AppStore|iPhone
		{71F5BA0D-CD6A-46AE-8DA2-F6FFE59D286B}.AppStore|iPhoneSimulator.ActiveCfg = AppStore|iPhoneSimulator
		{71F5BA0D-CD6A-46AE-8DA2-F6FFE59D286B}.AppStore|iPhoneSimulator.Build.0 = AppStore|iPhoneSimulator
		{71F5BA0D-CD6A-46AE-8DA2-F6FFE59D286B}.Debug|iPhone.ActiveCfg = Debug|iPhone
		{71F5BA0D-CD6A-46AE-8DA2-F6FFE59D286B}.Debug|iPhone.Build.0 = Debug|iPhone
		{71F5BA0D-CD6A-46AE-8DA2-F6FFE59D286B}.Debug|iPhoneSimulator.ActiveCfg = Debug|iPhoneSimulator
		{71F5BA0D-CD6A-46AE-8DA2-F6FFE59D286B}.Debug|iPhoneSimulator.Build.0 = Debug|iPhoneSimulator
		{71F5BA0D-CD6A-46AE-8DA2-F6FFE59D286B}.Release|iPhone.ActiveCfg = Release|iPhone
		{71F5BA0D-CD6A-46AE-8DA2-F6FFE59D286B}.Release|iPhone.Build.0 = Release|iPhone
		{71F5BA0D-CD6A-46AE-8DA2-F6FFE59D286B}.Release|iPhoneSimulator.ActiveCfg = Release|iPhoneSimulator
		{71F5BA0D-CD6A-46AE-8DA2-F6FFE59D286B}.Release|iPhoneSimulator.Build.0 = Release|iPhoneSimulator
	EndGlobalSection
	GlobalSection(SolutionProperties) = preSolution
		HideSolutionNode = FALSE
	EndGlobalSection
EndGlobal
